
Microsoft Visual Studio Solution File, Format Version 12.00
# Visual Studio 2012
Project("{FAE04EC0-301F-11D3-BF4B-00C04F79EFBC}") = "Tarea.Web", "Tarea.Web.csproj", "{4D17FEEA-8864-4FE1-95D0-0155AB230AA1}"
EndProject
Project("{FAE04EC0-301F-11D3-BF4B-00C04F79EFBC}") = "Tarea.Modelos", "..\Tarea.Modelos\Tarea.Modelos.csproj", "{599903FA-B387-48FB-A1D4-FE08F50F8E26}"
EndProject
Project("{FAE04EC0-301F-11D3-BF4B-00C04F79EFBC}") = "Tarea.Negocio", "..\Tarea.Negocio\Tarea.Negocio.csproj", "{C6C40DA5-3292-4FF0-A49F-82B70990F902}"
EndProject
Project("{FAE04EC0-301F-11D3-BF4B-00C04F79EFBC}") = "Tarea.Pruebas", "..\Tarea.Pruebas\Tarea.Pruebas.csproj", "{09652601-BC39-4E68-BAFF-DF36494CFD9B}"
EndProject
Project("{FAE04EC0-301F-11D3-BF4B-00C04F79EFBC}") = "Tarea.Datos", "..\Data\Tarea.Datos.csproj", "{0CCA4720-C8B7-42D2-94F3-E7E93C31B628}"
EndProject
Global
	GlobalSection(SolutionConfigurationPlatforms) = preSolution
		Debug|Any CPU = Debug|Any CPU
		Release|Any CPU = Release|Any CPU
	EndGlobalSection
	GlobalSection(ProjectConfigurationPlatforms) = postSolution
		{4D17FEEA-8864-4FE1-95D0-0155AB230AA1}.Debug|Any CPU.ActiveCfg = Debug|Any CPU
		{4D17FEEA-8864-4FE1-95D0-0155AB230AA1}.Debug|Any CPU.Build.0 = Debug|Any CPU
		{4D17FEEA-8864-4FE1-95D0-0155AB230AA1}.Release|Any CPU.ActiveCfg = Release|Any CPU
		{4D17FEEA-8864-4FE1-95D0-0155AB230AA1}.Release|Any CPU.Build.0 = Release|Any CPU
		{599903FA-B387-48FB-A1D4-FE08F50F8E26}.Debug|Any CPU.ActiveCfg = Debug|Any CPU
		{599903FA-B387-48FB-A1D4-FE08F50F8E26}.Debug|Any CPU.Build.0 = Debug|Any CPU
		{599903FA-B387-48FB-A1D4-FE08F50F8E26}.Release|Any CPU.ActiveCfg = Release|Any CPU
		{599903FA-B387-48FB-A1D4-FE08F50F8E26}.Release|Any CPU.Build.0 = Release|Any CPU
		{C6C40DA5-3292-4FF0-A49F-82B70990F902}.Debug|Any CPU.ActiveCfg = Debug|Any CPU
		{C6C40DA5-3292-4FF0-A49F-82B70990F902}.Debug|Any CPU.Build.0 = Debug|Any CPU
		{C6C40DA5-3292-4FF0-A49F-82B70990F902}.Release|Any CPU.ActiveCfg = Release|Any CPU
		{C6C40DA5-3292-4FF0-A49F-82B70990F902}.Release|Any CPU.Build.0 = Release|Any CPU
		{09652601-BC39-4E68-BAFF-DF36494CFD9B}.Debug|Any CPU.ActiveCfg = Debug|Any CPU
		{09652601-BC39-4E68-BAFF-DF36494CFD9B}.Debug|Any CPU.Build.0 = Debug|Any CPU
		{09652601-BC39-4E68-BAFF-DF36494CFD9B}.Release|Any CPU.ActiveCfg = Release|Any CPU
		{09652601-BC39-4E68-BAFF-DF36494CFD9B}.Release|Any CPU.Build.0 = Release|Any CPU
		{0CCA4720-C8B7-42D2-94F3-E7E93C31B628}.Debug|Any CPU.ActiveCfg = Debug|Any CPU
		{0CCA4720-C8B7-42D2-94F3-E7E93C31B628}.Debug|Any CPU.Build.0 = Debug|Any CPU
		{0CCA4720-C8B7-42D2-94F3-E7E93C31B628}.Release|Any CPU.ActiveCfg = Release|Any CPU
		{0CCA4720-C8B7-42D2-94F3-E7E93C31B628}.Release|Any CPU.Build.0 = Release|Any CPU
	EndGlobalSection
	GlobalSection(SolutionProperties) = preSolution
		HideSolutionNode = FALSE
	EndGlobalSection
EndGlobal
